
Microsoft Visual Studio Solution File, Format Version 12.00
# Visual Studio 14
VisualStudioVersion = 14.0.25420.1
MinimumVisualStudioVersion = 10.0.40219.1
Project("{2150E333-8FDC-42A3-9474-1A3956D46DE8}") = "src", "src", "{0B49F0C0-817A-4247-95CD-F84824616AB5}"
EndProject
Project("{2150E333-8FDC-42A3-9474-1A3956D46DE8}") = "Solution Items", "Solution Items", "{B9A7347E-DD96-4B05-B6A9-497006451C6C}"
	ProjectSection(SolutionItems) = preProject
		global.json = global.json
	EndProjectSection
EndProject
Project("{8BB2217D-0F2D-49D1-97BC-3654ED321F3B}") = "MvcMovie", "src\MvcMovie\MvcMovie.xproj", "{125FC28B-0318-4B80-8459-7D0A083A258A}"
EndProject
Global
	GlobalSection(SolutionConfigurationPlatforms) = preSolution
		Debug|Any CPU = Debug|Any CPU
		Release|Any CPU = Release|Any CPU
	EndGlobalSection
	GlobalSection(ProjectConfigurationPlatforms) = postSolution
		{125FC28B-0318-4B80-8459-7D0A083A258A}.Debug|Any CPU.ActiveCfg = Debug|Any CPU
		{125FC28B-0318-4B80-8459-7D0A083A258A}.Debug|Any CPU.Build.0 = Debug|Any CPU
		{125FC28B-0318-4B80-8459-7D0A083A258A}.Release|Any CPU.ActiveCfg = Release|Any CPU
		{125FC28B-0318-4B80-8459-7D0A083A258A}.Release|Any CPU.Build.0 = Release|Any CPU
	EndGlobalSection
	GlobalSection(SolutionProperties) = preSolution
		HideSolutionNode = FALSE
	EndGlobalSection
	GlobalSection(NestedProjects) = preSolution
		{125FC28B-0318-4B80-8459-7D0A083A258A} = {0B49F0C0-817A-4247-95CD-F84824616AB5}
	EndGlobalSection
EndGlobal
